
Microsoft Visual Studio Solution File, Format Version 11.00
# Visual Studio 2010
Project("{FAE04EC0-301F-11D3-BF4B-00C04F79EFBC}") = "LiteApp.RyarcWork", "LiteApp.RyarcWork\LiteApp.RyarcWork.csproj", "{BC6106F5-23E1-4535-AC1F-5DBB0D8CD087}"
	ProjectSection(ProjectDependencies) = postProject
		{B0B68F78-F0D5-4218-ABE5-07AE0DD03254} = {B0B68F78-F0D5-4218-ABE5-07AE0DD03254}
	EndProjectSection
EndProject
Project("{FAE04EC0-301F-11D3-BF4B-00C04F79EFBC}") = "LiteApp.RyarcWork.Web", "LiteApp.RyarcWork.Web\LiteApp.RyarcWork.Web.csproj", "{B0B68F78-F0D5-4218-ABE5-07AE0DD03254}"
EndProject
Project("{FAE04EC0-301F-11D3-BF4B-00C04F79EFBC}") = "LiteApp.Portable.Mvvm", "..\..\LiteApp.Portable\LiteApp.Portable\LiteApp.Portable.Mvvm\LiteApp.Portable.Mvvm.csproj", "{395BBE17-6ECA-4B5D-BF1A-9141171F6236}"
EndProject
Global
	GlobalSection(SolutionConfigurationPlatforms) = preSolution
		Debug|Any CPU = Debug|Any CPU
		Release|Any CPU = Release|Any CPU
	EndGlobalSection
	GlobalSection(ProjectConfigurationPlatforms) = postSolution
		{BC6106F5-23E1-4535-AC1F-5DBB0D8CD087}.Debug|Any CPU.ActiveCfg = Debug|Any CPU
		{BC6106F5-23E1-4535-AC1F-5DBB0D8CD087}.Debug|Any CPU.Build.0 = Debug|Any CPU
		{BC6106F5-23E1-4535-AC1F-5DBB0D8CD087}.Release|Any CPU.ActiveCfg = Release|Any CPU
		{BC6106F5-23E1-4535-AC1F-5DBB0D8CD087}.Release|Any CPU.Build.0 = Release|Any CPU
		{B0B68F78-F0D5-4218-ABE5-07AE0DD03254}.Debug|Any CPU.ActiveCfg = Debug|Any CPU
		{B0B68F78-F0D5-4218-ABE5-07AE0DD03254}.Debug|Any CPU.Build.0 = Debug|Any CPU
		{B0B68F78-F0D5-4218-ABE5-07AE0DD03254}.Release|Any CPU.ActiveCfg = Release|Any CPU
		{B0B68F78-F0D5-4218-ABE5-07AE0DD03254}.Release|Any CPU.Build.0 = Release|Any CPU
		{395BBE17-6ECA-4B5D-BF1A-9141171F6236}.Debug|Any CPU.ActiveCfg = Debug|Any CPU
		{395BBE17-6ECA-4B5D-BF1A-9141171F6236}.Debug|Any CPU.Build.0 = Debug|Any CPU
		{395BBE17-6ECA-4B5D-BF1A-9141171F6236}.Release|Any CPU.ActiveCfg = Release|Any CPU
		{395BBE17-6ECA-4B5D-BF1A-9141171F6236}.Release|Any CPU.Build.0 = Release|Any CPU
	EndGlobalSection
	GlobalSection(SolutionProperties) = preSolution
		HideSolutionNode = FALSE
	EndGlobalSection
EndGlobal
